// !$*UTF8*$!
{
	archiveVersion = 1;
	classes = {
	};
	objectVersion = 46;
	objects = {

/* Begin PBXBuildFile section */
		CE8A8BED19AD151B00D71F5C /* Foundation.framework in Frameworks */ = {isa = PBXBuildFile; fileRef = CE8A8BEC19AD151B00D71F5C /* Foundation.framework */; };
		CE8A8BEF19AD151B00D71F5C /* CoreGraphics.framework in Frameworks */ = {isa = PBXBuildFile; fileRef = CE8A8BEE19AD151B00D71F5C /* CoreGraphics.framework */; };
		CE8A8BF119AD151B00D71F5C /* UIKit.framework in Frameworks */ = {isa = PBXBuildFile; fileRef = CE8A8BF019AD151B00D71F5C /* UIKit.framework */; };
		CE8A8BF719AD151B00D71F5C /* InfoPlist.strings in Resources */ = {isa = PBXBuildFile; fileRef = CE8A8BF519AD151B00D71F5C /* InfoPlist.strings */; };
		CE8A8BF919AD151B00D71F5C /* main.m in Sources */ = {isa = PBXBuildFile; fileRef = CE8A8BF819AD151B00D71F5C /* main.m */; };
		CE8A8BFD19AD151B00D71F5C /* AppDelegate.m in Sources */ = {isa = PBXBuildFile; fileRef = CE8A8BFC19AD151B00D71F5C /* AppDelegate.m */; };
		CE8A8C0019AD151B00D71F5C /* Main.storyboard in Resources */ = {isa = PBXBuildFile; fileRef = CE8A8BFE19AD151B00D71F5C /* Main.storyboard */; };
		CE8A8C0319AD151B00D71F5C /* ViewController.m in Sources */ = {isa = PBXBuildFile; fileRef = CE8A8C0219AD151B00D71F5C /* ViewController.m */; };
		CE8A8C0519AD151B00D71F5C /* Images.xcassets in Resources */ = {isa = PBXBuildFile; fileRef = CE8A8C0419AD151B00D71F5C /* Images.xcassets */; };
		CE8A8C0C19AD151C00D71F5C /* XCTest.framework in Frameworks */ = {isa = PBXBuildFile; fileRef = CE8A8C0B19AD151C00D71F5C /* XCTest.framework */; };
		CE8A8C0D19AD151C00D71F5C /* Foundation.framework in Frameworks */ = {isa = PBXBuildFile; fileRef = CE8A8BEC19AD151B00D71F5C /* Foundation.framework */; };
		CE8A8C0E19AD151C00D71F5C /* UIKit.framework in Frameworks */ = {isa = PBXBuildFile; fileRef = CE8A8BF019AD151B00D71F5C /* UIKit.framework */; };
		CE8A8C1619AD151C00D71F5C /* InfoPlist.strings in Resources */ = {isa = PBXBuildFile; fileRef = CE8A8C1419AD151C00D71F5C /* InfoPlist.strings */; };
		CE8A8C1819AD151C00D71F5C /* testTests.m in Sources */ = {isa = PBXBuildFile; fileRef = CE8A8C1719AD151C00D71F5C /* testTests.m */; };
/* End PBXBuildFile section */

/* Begin PBXContainerItemProxy section */
		CE8A8C0F19AD151C00D71F5C /* PBXContainerItemProxy */ = {
			isa = PBXContainerItemProxy;
			containerPortal = CE8A8BE119AD151B00D71F5C /* Project object */;
			proxyType = 1;
			remoteGlobalIDString = CE8A8BE819AD151B00D71F5C;
			remoteInfo = test;
		};
/* End PBXContainerItemProxy section */

/* Begin PBXFileReference section */
		CE8A8BE919AD151B00D71F5C /* test.app */ = {isa = PBXFileReference; explicitFileType = wrapper.application; includeInIndex = 0; path = test.app; sourceTree = BUILT_PRODUCTS_DIR; };
		CE8A8BEC19AD151B00D71F5C /* Foundation.framework */ = {isa = PBXFileReference; lastKnownFileType = wrapper.framework; name = Foundation.framework; path = System/Library/Frameworks/Foundation.framework; sourceTree = SDKROOT; };
		CE8A8BEE19AD151B00D71F5C /* CoreGraphics.framework */ = {isa = PBXFileReference; lastKnownFileType = wrapper.framework; name = CoreGraphics.framework; path = System/Library/Frameworks/CoreGraphics.framework; sourceTree = SDKROOT; };
		CE8A8BF019AD151B00D71F5C /* UIKit.framework */ = {isa = PBXFileReference; lastKnownFileType = wrapper.framework; name = UIKit.framework; path = System/Library/Frameworks/UIKit.framework; sourceTree = SDKROOT; };
		CE8A8BF419AD151B00D71F5C /* test-Info.plist */ = {isa = PBXFileReference; lastKnownFileType = text.plist.xml; path = "test-Info.plist"; sourceTree = "<group>"; };
		CE8A8BF619AD151B00D71F5C /* en */ = {isa = PBXFileReference; lastKnownFileType = text.plist.strings; name = en; path = en.lproj/InfoPlist.strings; sourceTree = "<group>"; };
		CE8A8BF819AD151B00D71F5C /* main.m */ = {isa = PBXFileReference; lastKnownFileType = sourcecode.c.objc; path = main.m; sourceTree = "<group>"; };
		CE8A8BFA19AD151B00D71F5C /* test-Prefix.pch */ = {isa = PBXFileReference; lastKnownFileType = sourcecode.c.h; path = "test-Prefix.pch"; sourceTree = "<group>"; };
		CE8A8BFB19AD151B00D71F5C /* AppDelegate.h */ = {isa = PBXFileReference; lastKnownFileType = sourcecode.c.h; path = AppDelegate.h; sourceTree = "<group>"; };
		CE8A8BFC19AD151B00D71F5C /* AppDelegate.m */ = {isa = PBXFileReference; lastKnownFileType = sourcecode.c.objc; path = AppDelegate.m; sourceTree = "<group>"; };
		CE8A8BFF19AD151B00D71F5C /* Base */ = {isa = PBXFileReference; lastKnownFileType = file.storyboard; name = Base; path = Base.lproj/Main.storyboard; sourceTree = "<group>"; };
		CE8A8C0119AD151B00D71F5C /* ViewController.h */ = {isa = PBXFileReference; lastKnownFileType = sourcecode.c.h; path = ViewController.h; sourceTree = "<group>"; };
		CE8A8C0219AD151B00D71F5C /* ViewController.m */ = {isa = PBXFileReference; lastKnownFileType = sourcecode.c.objc; path = ViewController.m; sourceTree = "<group>"; };
		CE8A8C0419AD151B00D71F5C /* Images.xcassets */ = {isa = PBXFileReference; lastKnownFileType = folder.assetcatalog; path = Images.xcassets; sourceTree = "<group>"; };
		CE8A8C0A19AD151C00D71F5C /* testTests.xctest */ = {isa = PBXFileReference; explicitFileType = wrapper.cfbundle; includeInIndex = 0; path = testTests.xctest; sourceTree = BUILT_PRODUCTS_DIR; };
		CE8A8C0B19AD151C00D71F5C /* XCTest.framework */ = {isa = PBXFileReference; lastKnownFileType = wrapper.framework; name = XCTest.framework; path = Library/Frameworks/XCTest.framework; sourceTree = DEVELOPER_DIR; };
		CE8A8C1319AD151C00D71F5C /* testTests-Info.plist */ = {isa = PBXFileReference; lastKnownFileType = text.plist.xml; path = "testTests-Info.plist"; sourceTree = "<group>"; };
		CE8A8C1519AD151C00D71F5C /* en */ = {isa = PBXFileReference; lastKnownFileType = text.plist.strings; name = en; path = en.lproj/InfoPlist.strings; sourceTree = "<group>"; };
		CE8A8C1719AD151C00D71F5C /* testTests.m */ = {isa = PBXFileReference; lastKnownFileType = sourcecode.c.objc; path = testTests.m; sourceTree = "<group>"; };
/* End PBXFileReference section */

/* Begin PBXFrameworksBuildPhase section */
		CE8A8BE619AD151B00D71F5C /* Frameworks */ = {
			isa = PBXFrameworksBuildPhase;
			buildActionMask = 2147483647;
			files = (
				CE8A8BEF19AD151B00D71F5C /* CoreGraphics.framework in Frameworks */,
				CE8A8BF119AD151B00D71F5C /* UIKit.framework in Frameworks */,
				CE8A8BED19AD151B00D71F5C /* Foundation.framework in Frameworks */,
			);
			runOnlyForDeploymentPostprocessing = 0;
		};
		CE8A8C0719AD151C00D71F5C /* Frameworks */ = {
			isa = PBXFrameworksBuildPhase;
			buildActionMask = 2147483647;
			files = (
				CE8A8C0C19AD151C00D71F5C /* XCTest.framework in Frameworks */,
				CE8A8C0E19AD151C00D71F5C /* UIKit.framework in Frameworks */,
				CE8A8C0D19AD151C00D71F5C /* Foundation.framework in Frameworks */,
			);
			runOnlyForDeploymentPostprocessing = 0;
		};
/* End PBXFrameworksBuildPhase section */

/* Begin PBXGroup section */
		CE8A8BE019AD151B00D71F5C = {
			isa = PBXGroup;
			children = (
				CE8A8BF219AD151B00D71F5C /* test */,
				CE8A8C1119AD151C00D71F5C /* testTests */,
				CE8A8BEB19AD151B00D71F5C /* Frameworks */,
				CE8A8BEA19AD151B00D71F5C /* Products */,
			);
			sourceTree = "<group>";
		};
		CE8A8BEA19AD151B00D71F5C /* Products */ = {
			isa = PBXGroup;
			children = (
				CE8A8BE919AD151B00D71F5C /* test.app */,
				CE8A8C0A19AD151C00D71F5C /* testTests.xctest */,
			);
			name = Products;
			sourceTree = "<group>";
		};
		CE8A8BEB19AD151B00D71F5C /* Frameworks */ = {
			isa = PBXGroup;
			children = (
				CE8A8BEC19AD151B00D71F5C /* Foundation.framework */,
				CE8A8BEE19AD151B00D71F5C /* CoreGraphics.framework */,
				CE8A8BF019AD151B00D71F5C /* UIKit.framework */,
				CE8A8C0B19AD151C00D71F5C /* XCTest.framework */,
			);
			name = Frameworks;
			sourceTree = "<group>";
		};
		CE8A8BF219AD151B00D71F5C /* test */ = {
			isa = PBXGroup;
			children = (
				CE8A8BFB19AD151B00D71F5C /* AppDelegate.h */,
				CE8A8BFC19AD151B00D71F5C /* AppDelegate.m */,
				CE8A8BFE19AD151B00D71F5C /* Main.storyboard */,
				CE8A8C0119AD151B00D71F5C /* ViewController.h */,
				CE8A8C0219AD151B00D71F5C /* ViewController.m */,
				CE8A8C0419AD151B00D71F5C /* Images.xcassets */,
				CE8A8BF319AD151B00D71F5C /* Supporting Files */,
			);
			path = test;
			sourceTree = "<group>";
		};
		CE8A8BF319AD151B00D71F5C /* Supporting Files */ = {
			isa = PBXGroup;
			children = (
				CE8A8BF419AD151B00D71F5C /* test-Info.plist */,
				CE8A8BF519AD151B00D71F5C /* InfoPlist.strings */,
				CE8A8BF819AD151B00D71F5C /* main.m */,
				CE8A8BFA19AD151B00D71F5C /* test-Prefix.pch */,
			);
			name = "Supporting Files";
			sourceTree = "<group>";
		};
		CE8A8C1119AD151C00D71F5C /* testTests */ = {
			isa = PBXGroup;
			children = (
				CE8A8C1719AD151C00D71F5C /* testTests.m */,
				CE8A8C1219AD151C00D71F5C /* Supporting Files */,
			);
			path = testTests;
			sourceTree = "<group>";
		};
		CE8A8C1219AD151C00D71F5C /* Supporting Files */ = {
			isa = PBXGroup;
			children = (
				CE8A8C1319AD151C00D71F5C /* testTests-Info.plist */,
				CE8A8C1419AD151C00D71F5C /* InfoPlist.strings */,
			);
			name = "Supporting Files";
			sourceTree = "<group>";
		};
/* End PBXGroup section */

/* Begin PBXNativeTarget section */
		CE8A8BE819AD151B00D71F5C /* test */ = {
			isa = PBXNativeTarget;
			buildConfigurationList = CE8A8C1B19AD151C00D71F5C /* Build configuration list for PBXNativeTarget "test" */;
			buildPhases = (
				CE8A8BE519AD151B00D71F5C /* Sources */,
				CE8A8BE619AD151B00D71F5C /* Frameworks */,
				CE8A8BE719AD151B00D71F5C /* Resources */,
			);
			buildRules = (
			);
			dependencies = (
			);
			name = test;
			productName = test;
			productReference = CE8A8BE919AD151B00D71F5C /* test.app */;
			productType = "com.apple.product-type.application";
		};
		CE8A8C0919AD151C00D71F5C /* testTests */ = {
			isa = PBXNativeTarget;
			buildConfigurationList = CE8A8C1E19AD151C00D71F5C /* Build configuration list for PBXNativeTarget "testTests" */;
			buildPhases = (
				CE8A8C0619AD151C00D71F5C /* Sources */,
				CE8A8C0719AD151C00D71F5C /* Frameworks */,
				CE8A8C0819AD151C00D71F5C /* Resources */,
			);
			buildRules = (
			);
			dependencies = (
				CE8A8C1019AD151C00D71F5C /* PBXTargetDependency */,
			);
			name = testTests;
			productName = testTests;
			productReference = CE8A8C0A19AD151C00D71F5C /* testTests.xctest */;
			productType = "com.apple.product-type.bundle.unit-test";
		};
/* End PBXNativeTarget section */

/* Begin PBXProject section */
		CE8A8BE119AD151B00D71F5C /* Project object */ = {
			isa = PBXProject;
			attributes = {
				LastUpgradeCheck = 0510;
				ORGANIZATIONNAME = User;
				TargetAttributes = {
					CE8A8C0919AD151C00D71F5C = {
						TestTargetID = CE8A8BE819AD151B00D71F5C;
					};
				};
			};
			buildConfigurationList = CE8A8BE419AD151B00D71F5C /* Build configuration list for PBXProject "test" */;
			compatibilityVersion = "Xcode 3.2";
			developmentRegion = English;
			hasScannedForEncodings = 0;
			knownRegions = (
				en,
				Base,
			);
			mainGroup = CE8A8BE019AD151B00D71F5C;
			productRefGroup = CE8A8BEA19AD151B00D71F5C /* Products */;
			projectDirPath = "";
			projectRoot = "";
			targets = (
				CE8A8BE819AD151B00D71F5C /* test */,
				CE8A8C0919AD151C00D71F5C /* testTests */,
			);
		};
/* End PBXProject section */

/* Begin PBXResourcesBuildPhase section */
		CE8A8BE719AD151B00D71F5C /* Resources */ = {
			isa = PBXResourcesBuildPhase;
			buildActionMask = 2147483647;
			files = (
				CE8A8C0519AD151B00D71F5C /* Images.xcassets in Resources */,
				CE8A8BF719AD151B00D71F5C /* InfoPlist.strings in Resources */,
				CE8A8C0019AD151B00D71F5C /* Main.storyboard in Resources */,
			);
			runOnlyForDeploymentPostprocessing = 0;
		};
		CE8A8C0819AD151C00D71F5C /* Resources */ = {
			isa = PBXResourcesBuildPhase;
			buildActionMask = 2147483647;
			files = (
				CE8A8C1619AD151C00D71F5C /* InfoPlist.strings in Resources */,
			);
			runOnlyForDeploymentPostprocessing = 0;
		};
/* End PBXResourcesBuildPhase section */

/* Begin PBXSourcesBuildPhase section */
		CE8A8BE519AD151B00D71F5C /* Sources */ = {
			isa = PBXSourcesBuildPhase;
			buildActionMask = 2147483647;
			files = (
				CE8A8C0319AD151B00D71F5C /* ViewController.m in Sources */,
				CE8A8BFD19AD151B00D71F5C /* AppDelegate.m in Sources */,
				CE8A8BF919AD151B00D71F5C /* main.m in Sources */,
			);
			runOnlyForDeploymentPostprocessing = 0;
		};
		CE8A8C0619AD151C00D71F5C /* Sources */ = {
			isa = PBXSourcesBuildPhase;
			buildActionMask = 2147483647;
			files = (
				CE8A8C1819AD151C00D71F5C /* testTests.m in Sources */,
			);
			runOnlyForDeploymentPostprocessing = 0;
		};
/* End PBXSourcesBuildPhase section */

/* Begin PBXTargetDependency section */
		CE8A8C1019AD151C00D71F5C /* PBXTargetDependency */ = {
			isa = PBXTargetDependency;
			target = CE8A8BE819AD151B00D71F5C /* test */;
			targetProxy = CE8A8C0F19AD151C00D71F5C /* PBXContainerItemProxy */;
		};
/* End PBXTargetDependency section */

/* Begin PBXVariantGroup section */
		CE8A8BF519AD151B00D71F5C /* InfoPlist.strings */ = {
			isa = PBXVariantGroup;
			children = (
				CE8A8BF619AD151B00D71F5C /* en */,
			);
			name = InfoPlist.strings;
			sourceTree = "<group>";
		};
		CE8A8BFE19AD151B00D71F5C /* Main.storyboard */ = {
			isa = PBXVariantGroup;
			children = (
				CE8A8BFF19AD151B00D71F5C /* Base */,
			);
			name = Main.storyboard;
			sourceTree = "<group>";
		};
		CE8A8C1419AD151C00D71F5C /* InfoPlist.strings */ = {
			isa = PBXVariantGroup;
			children = (
				CE8A8C1519AD151C00D71F5C /* en */,
			);
			name = InfoPlist.strings;
			sourceTree = "<group>";
		};
/* End PBXVariantGroup section */

/* Begin XCBuildConfiguration section */
		CE8A8C1919AD151C00D71F5C /* Debug */ = {
			isa = XCBuildConfiguration;
			buildSettings = {
				ALWAYS_SEARCH_USER_PATHS = NO;
				CLANG_CXX_LANGUAGE_STANDARD = "gnu++0x";
				CLANG_CXX_LIBRARY = "libc++";
				CLANG_ENABLE_MODULES = YES;
				CLANG_ENABLE_OBJC_ARC = YES;
				CLANG_WARN_BOOL_CONVERSION = YES;
				CLANG_WARN_CONSTANT_CONVERSION = YES;
				CLANG_WARN_DIRECT_OBJC_ISA_USAGE = YES_ERROR;
				CLANG_WARN_EMPTY_BODY = YES;
				CLANG_WARN_ENUM_CONVERSION = YES;
				CLANG_WARN_INT_CONVERSION = YES;
				CLANG_WARN_OBJC_ROOT_CLASS = YES_ERROR;
				CLANG_WARN__DUPLICATE_METHOD_MATCH = YES;
				"CODE_SIGN_IDENTITY[sdk=iphoneos*]" = "iPhone Developer";
				COPY_PHASE_STRIP = NO;
				GCC_C_LANGUAGE_STANDARD = gnu99;
				GCC_DYNAMIC_NO_PIC = NO;
				GCC_OPTIMIZATION_LEVEL = 0;
				GCC_PREPROCESSOR_DEFINITIONS = (
					"DEBUG=1",
					"$(inherited)",
				);
				GCC_SYMBOLS_PRIVATE_EXTERN = NO;
				GCC_WARN_64_TO_32_BIT_CONVERSION = YES;
				GCC_WARN_ABOUT_RETURN_TYPE = YES_ERROR;
				GCC_WARN_UNDECLARED_SELECTOR = YES;
				GCC_WARN_UNINITIALIZED_AUTOS = YES_AGGRESSIVE;
				GCC_WARN_UNUSED_FUNCTION = YES;
				GCC_WARN_UNUSED_VARIABLE = YES;
				IPHONEOS_DEPLOYMENT_TARGET = 7.1;
				ONLY_ACTIVE_ARCH = YES;
				SDKROOT = iphoneos;
				TARGETED_DEVICE_FAMILY = 2;
			};
			name = Debug;
		};
		CE8A8C1A19AD151C00D71F5C /* Release */ = {
			isa = XCBuildConfiguration;
			buildSettings = {
				ALWAYS_SEARCH_USER_PATHS = NO;
				CLANG_CXX_LANGUAGE_STANDARD = "gnu++0x";
				CLANG_CXX_LIBRARY = "libc++";
				CLANG_ENABLE_MODULES = YES;
				CLANG_ENABLE_OBJC_ARC = YES;
				CLANG_WARN_BOOL_CONVERSION = YES;
				CLANG_WARN_CONSTANT_CONVERSION = YES;
				CLANG_WARN_DIRECT_OBJC_ISA_USAGE = YES_ERROR;
				CLANG_WARN_EMPTY_BODY = YES;
				CLANG_WARN_ENUM_CONVERSION = YES;
				CLANG_WARN_INT_CONVERSION = YES;
				CLANG_WARN_OBJC_ROOT_CLASS = YES_ERROR;
				CLANG_WARN__DUPLICATE_METHOD_MATCH = YES;
				"CODE_SIGN_IDENTITY[sdk=iphoneos*]" = "iPhone Developer";
				COPY_PHASE_STRIP = YES;
				ENABLE_NS_ASSERTIONS = NO;
				GCC_C_LANGUAGE_STANDARD = gnu99;
				GCC_WARN_64_TO_32_BIT_CONVERSION = YES;
				GCC_WARN_ABOUT_RETURN_TYPE = YES_ERROR;
				GCC_WARN_UNDECLARED_SELECTOR = YES;
				GCC_WARN_UNINITIALIZED_AUTOS = YES_AGGRESSIVE;
				GCC_WARN_UNUSED_FUNCTION = YES;
				GCC_WARN_UNUSED_VARIABLE = YES;
				IPHONEOS_DEPLOYMENT_TARGET = 7.1;
				SDKROOT = iphoneos;
				TARGETED_DEVICE_FAMILY = 2;
				VALIDATE_PRODUCT = YES;
			};
			name = Release;
		};
		CE8A8C1C19AD151C00D71F5C /* Debug */ = {
			isa = XCBuildConfiguration;
			buildSettings = {
				ASSETCATALOG_COMPILER_APPICON_NAME = AppIcon;
				ASSETCATALOG_COMPILER_LAUNCHIMAGE_NAME = LaunchImage;
				GCC_PRECOMPILE_PREFIX_HEADER = YES;
				GCC_PREFIX_HEADER = "test/test-Prefix.pch";
				INFOPLIST_FILE = "test/test-Info.plist";
				PRODUCT_NAME = "$(TARGET_NAME)";
				WRAPPER_EXTENSION = app;
			};
			name = Debug;
		};
		CE8A8C1D19AD151C00D71F5C /* Release */ = {
			isa = XCBuildConfiguration;
			buildSettings = {
				ASSETCATALOG_COMPILER_APPICON_NAME = AppIcon;
				ASSETCATALOG_COMPILER_LAUNCHIMAGE_NAME = LaunchImage;
				GCC_PRECOMPILE_PREFIX_HEADER = YES;
				GCC_PREFIX_HEADER = "test/test-Prefix.pch";
				INFOPLIST_FILE = "test/test-Info.plist";
				PRODUCT_NAME = "$(TARGET_NAME)";
				WRAPPER_EXTENSION = app;
			};
			name = Release;
		};
		CE8A8C1F19AD151C00D71F5C /* Debug */ = {
			isa = XCBuildConfiguration;
			buildSettings = {
				BUNDLE_LOADER = "$(BUILT_PRODUCTS_DIR)/test.app/test";
				FRAMEWORK_SEARCH_PATHS = (
					"$(SDKROOT)/Developer/Library/Frameworks",
					"$(inherited)",
					"$(DEVELOPER_FRAMEWORKS_DIR)",
				);
				GCC_PRECOMPILE_PREFIX_HEADER = YES;
				GCC_PREFIX_HEADER = "test/test-Prefix.pch";
				GCC_PREPROCESSOR_DEFINITIONS = (
					"DEBUG=1",
					"$(inherited)",
				);
				INFOPLIST_FILE = "testTests/testTests-Info.plist";
				PRODUCT_NAME = "$(TARGET_NAME)";
				TEST_HOST = "$(BUNDLE_LOADER)";
				WRAPPER_EXTENSION = xctest;
			};
			name = Debug;
		};
		CE8A8C2019AD151C00D71F5C /* Release */ = {
			isa = XCBuildConfiguration;
			buildSettings = {
				BUNDLE_LOADER = "$(BUILT_PRODUCTS_DIR)/test.app/test";
				FRAMEWORK_SEARCH_PATHS = (
					"$(SDKROOT)/Developer/Library/Frameworks",
					"$(inherited)",
					"$(DEVELOPER_FRAMEWORKS_DIR)",
				);
				GCC_PRECOMPILE_PREFIX_HEADER = YES;
				GCC_PREFIX_HEADER = "test/test-Prefix.pch";
				INFOPLIST_FILE = "testTests/testTests-Info.plist";
				PRODUCT_NAME = "$(TARGET_NAME)";
				TEST_HOST = "$(BUNDLE_LOADER)";
				WRAPPER_EXTENSION = xctest;
			};
			name = Release;
		};
/* End XCBuildConfiguration section */

/* Begin XCConfigurationList section */
		CE8A8BE419AD151B00D71F5C /* Build configuration list for PBXProject "test" */ = {
			isa = XCConfigurationList;
			buildConfigurations = (
				CE8A8C1919AD151C00D71F5C /* Debug */,
				CE8A8C1A19AD151C00D71F5C /* Release */,
			);
			defaultConfigurationIsVisible = 0;
			defaultConfigurationName = Release;
		};
		CE8A8C1B19AD151C00D71F5C /* Build configuration list for PBXNativeTarget "test" */ = {
			isa = XCConfigurationList;
			buildConfigurations = (
				CE8A8C1C19AD151C00D71F5C /* Debug */,
				CE8A8C1D19AD151C00D71F5C /* Release */,
			);
			defaultConfigurationIsVisible = 0;
		};
		CE8A8C1E19AD151C00D71F5C /* Build configuration list for PBXNativeTarget "testTests" */ = {
			isa = XCConfigurationList;
			buildConfigurations = (
				CE8A8C1F19AD151C00D71F5C /* Debug */,
				CE8A8C2019AD151C00D71F5C /* Release */,
			);
			defaultConfigurationIsVisible = 0;
		};
/* End XCConfigurationList section */
	};
	rootObject = CE8A8BE119AD151B00D71F5C /* Project object */;
}
